
Microsoft Visual Studio Solution File, Format Version 12.00
# Visual Studio 15
VisualStudioVersion = 15.0.27703.2047
MinimumVisualStudioVersion = 10.0.40219.1
Project("{8BC9CEB8-8B4A-11D0-8D11-00A0C91BC942}") = "Youtube_Caption_XAML_UI", "Youtube_Caption_XAML_UI\Youtube_Caption_XAML_UI.vcxproj", "{D83BD528-E27A-472F-95A0-16E7625BBBD2}"
EndProject
Global
	GlobalSection(SolutionConfigurationPlatforms) = preSolution
		Debug|ARM = Debug|ARM
		Debug|x64 = Debug|x64
		Debug|x86 = Debug|x86
		Release|ARM = Release|ARM
		Release|x64 = Release|x64
		Release|x86 = Release|x86
	EndGlobalSection
	GlobalSection(ProjectConfigurationPlatforms) = postSolution
		{D83BD528-E27A-472F-95A0-16E7625BBBD2}.Debug|ARM.ActiveCfg = Debug|ARM
		{D83BD528-E27A-472F-95A0-16E7625BBBD2}.Debug|ARM.Build.0 = Debug|ARM
		{D83BD528-E27A-472F-95A0-16E7625BBBD2}.Debug|ARM.Deploy.0 = Debug|ARM
		{D83BD528-E27A-472F-95A0-16E7625BBBD2}.Debug|x64.ActiveCfg = Debug|x64
		{D83BD528-E27A-472F-95A0-16E7625BBBD2}.Debug|x64.Build.0 = Debug|x64
		{D83BD528-E27A-472F-95A0-16E7625BBBD2}.Debug|x64.Deploy.0 = Debug|x64
		{D83BD528-E27A-472F-95A0-16E7625BBBD2}.Debug|x86.ActiveCfg = Debug|Win32
		{D83BD528-E27A-472F-95A0-16E7625BBBD2}.Debug|x86.Build.0 = Debug|Win32
		{D83BD528-E27A-472F-95A0-16E7625BBBD2}.Debug|x86.Deploy.0 = Debug|Win32
		{D83BD528-E27A-472F-95A0-16E7625BBBD2}.Release|ARM.ActiveCfg = Release|ARM
		{D83BD528-E27A-472F-95A0-16E7625BBBD2}.Release|ARM.Build.0 = Release|ARM
		{D83BD528-E27A-472F-95A0-16E7625BBBD2}.Release|ARM.Deploy.0 = Release|ARM
		{D83BD528-E27A-472F-95A0-16E7625BBBD2}.Release|x64.ActiveCfg = Release|x64
		{D83BD528-E27A-472F-95A0-16E7625BBBD2}.Release|x64.Build.0 = Release|x64
		{D83BD528-E27A-472F-95A0-16E7625BBBD2}.Release|x64.Deploy.0 = Release|x64
		{D83BD528-E27A-472F-95A0-16E7625BBBD2}.Release|x86.ActiveCfg = Release|Win32
		{D83BD528-E27A-472F-95A0-16E7625BBBD2}.Release|x86.Build.0 = Release|Win32
		{D83BD528-E27A-472F-95A0-16E7625BBBD2}.Release|x86.Deploy.0 = Release|Win32
	EndGlobalSection
	GlobalSection(SolutionProperties) = preSolution
		HideSolutionNode = FALSE
	EndGlobalSection
	GlobalSection(ExtensibilityGlobals) = postSolution
		SolutionGuid = {F29FF076-329A-4210-8FBE-A6757B42070E}
	EndGlobalSection
EndGlobal
